
Microsoft Visual Studio Solution File, Format Version 12.00
# Visual Studio Version 17
VisualStudioVersion = 17.2.32616.157
MinimumVisualStudioVersion = 10.0.40219.1
Project("{FAE04EC0-301F-11D3-BF4B-00C04F79EFBC}") = "csharp-cibi-preferiti", "csharp-cibi-preferiti.csproj", "{4F408904-AFB1-4BF3-92DB-00C34EDCAE0C}"
EndProject
Global
	GlobalSection(SolutionConfigurationPlatforms) = preSolution
		Debug|Any CPU = Debug|Any CPU
		Release|Any CPU = Release|Any CPU
	EndGlobalSection
	GlobalSection(ProjectConfigurationPlatforms) = postSolution
		{4F408904-AFB1-4BF3-92DB-00C34EDCAE0C}.Debug|Any CPU.ActiveCfg = Debug|Any CPU
		{4F408904-AFB1-4BF3-92DB-00C34EDCAE0C}.Debug|Any CPU.Build.0 = Debug|Any CPU
		{4F408904-AFB1-4BF3-92DB-00C34EDCAE0C}.Release|Any CPU.ActiveCfg = Release|Any CPU
		{4F408904-AFB1-4BF3-92DB-00C34EDCAE0C}.Release|Any CPU.Build.0 = Release|Any CPU
	EndGlobalSection
	GlobalSection(SolutionProperties) = preSolution
		HideSolutionNode = FALSE
	EndGlobalSection
	GlobalSection(ExtensibilityGlobals) = postSolution
		SolutionGuid = {A0FE8C12-5749-4A9B-9B7B-6E149C407BAA}
	EndGlobalSection
EndGlobal
